// !$*UTF8*$!
{
	archiveVersion = 1;
	classes = {
	};
	objectVersion = 56;
	objects = {

/* Begin PBXBuildFile section */
		CEB5A68F291311DF00950F2E /* CodeforcesEndpoint.swift in Sources */ = {isa = PBXBuildFile; fileRef = CEB5A68E291311DF00950F2E /* CodeforcesEndpoint.swift */; };
		CEB5A6922913195900950F2E /* Response.swift in Sources */ = {isa = PBXBuildFile; fileRef = CEB5A6912913195900950F2E /* Response.swift */; };
		CEB5A69429131CBB00950F2E /* NetworkManager.swift in Sources */ = {isa = PBXBuildFile; fileRef = CEB5A69329131CBB00950F2E /* NetworkManager.swift */; };
		CEBBAC0C2907199100B3247E /* AppDelegate.swift in Sources */ = {isa = PBXBuildFile; fileRef = CEBBAC0B2907199100B3247E /* AppDelegate.swift */; };
		CEBBAC0E2907199100B3247E /* SceneDelegate.swift in Sources */ = {isa = PBXBuildFile; fileRef = CEBBAC0D2907199100B3247E /* SceneDelegate.swift */; };
		CEBBAC102907199100B3247E /* ContestViewController.swift in Sources */ = {isa = PBXBuildFile; fileRef = CEBBAC0F2907199100B3247E /* ContestViewController.swift */; };
		CEBBAC152907199100B3247E /* Assets.xcassets in Resources */ = {isa = PBXBuildFile; fileRef = CEBBAC142907199100B3247E /* Assets.xcassets */; };
		CEBBAC182907199100B3247E /* LaunchScreen.storyboard in Resources */ = {isa = PBXBuildFile; fileRef = CEBBAC162907199100B3247E /* LaunchScreen.storyboard */; };
		CEBBAC3229072DC600B3247E /* EndpointType.swift in Sources */ = {isa = PBXBuildFile; fileRef = CEBBAC2F29072DC600B3247E /* EndpointType.swift */; };
		CEBBAC3329072DC600B3247E /* HTTPMethod.swift in Sources */ = {isa = PBXBuildFile; fileRef = CEBBAC3129072DC600B3247E /* HTTPMethod.swift */; };
		CEBBAC3529072DD500B3247E /* HTTPTask.swift in Sources */ = {isa = PBXBuildFile; fileRef = CEBBAC3429072DD500B3247E /* HTTPTask.swift */; };
		CEE693C32908824B00AA8B08 /* NetworkError.swift in Sources */ = {isa = PBXBuildFile; fileRef = CEE693C22908824B00AA8B08 /* NetworkError.swift */; };
		CEE693C5290882AD00AA8B08 /* NetworkRouter.swift in Sources */ = {isa = PBXBuildFile; fileRef = CEE693C4290882AD00AA8B08 /* NetworkRouter.swift */; };
		CEE693C7290885F100AA8B08 /* Router.swift in Sources */ = {isa = PBXBuildFile; fileRef = CEE693C6290885F100AA8B08 /* Router.swift */; };
/* End PBXBuildFile section */

/* Begin PBXFileReference section */
		CEB5A68E291311DF00950F2E /* CodeforcesEndpoint.swift */ = {isa = PBXFileReference; lastKnownFileType = sourcecode.swift; path = CodeforcesEndpoint.swift; sourceTree = "<group>"; };
		CEB5A6912913195900950F2E /* Response.swift */ = {isa = PBXFileReference; lastKnownFileType = sourcecode.swift; path = Response.swift; sourceTree = "<group>"; };
		CEB5A69329131CBB00950F2E /* NetworkManager.swift */ = {isa = PBXFileReference; lastKnownFileType = sourcecode.swift; path = NetworkManager.swift; sourceTree = "<group>"; };
		CEBBAC082907199100B3247E /* cf-reminder.app */ = {isa = PBXFileReference; explicitFileType = wrapper.application; includeInIndex = 0; path = "cf-reminder.app"; sourceTree = BUILT_PRODUCTS_DIR; };
		CEBBAC0B2907199100B3247E /* AppDelegate.swift */ = {isa = PBXFileReference; lastKnownFileType = sourcecode.swift; path = AppDelegate.swift; sourceTree = "<group>"; };
		CEBBAC0D2907199100B3247E /* SceneDelegate.swift */ = {isa = PBXFileReference; lastKnownFileType = sourcecode.swift; path = SceneDelegate.swift; sourceTree = "<group>"; };
		CEBBAC0F2907199100B3247E /* ContestViewController.swift */ = {isa = PBXFileReference; lastKnownFileType = sourcecode.swift; path = ContestViewController.swift; sourceTree = "<group>"; };
		CEBBAC142907199100B3247E /* Assets.xcassets */ = {isa = PBXFileReference; lastKnownFileType = folder.assetcatalog; path = Assets.xcassets; sourceTree = "<group>"; };
		CEBBAC172907199100B3247E /* Base */ = {isa = PBXFileReference; lastKnownFileType = file.storyboard; name = Base; path = Base.lproj/LaunchScreen.storyboard; sourceTree = "<group>"; };
		CEBBAC192907199100B3247E /* Info.plist */ = {isa = PBXFileReference; lastKnownFileType = text.plist.xml; path = Info.plist; sourceTree = "<group>"; };
		CEBBAC2F29072DC600B3247E /* EndpointType.swift */ = {isa = PBXFileReference; fileEncoding = 4; lastKnownFileType = sourcecode.swift; path = EndpointType.swift; sourceTree = "<group>"; };
		CEBBAC3129072DC600B3247E /* HTTPMethod.swift */ = {isa = PBXFileReference; fileEncoding = 4; lastKnownFileType = sourcecode.swift; path = HTTPMethod.swift; sourceTree = "<group>"; };
		CEBBAC3429072DD500B3247E /* HTTPTask.swift */ = {isa = PBXFileReference; lastKnownFileType = sourcecode.swift; path = HTTPTask.swift; sourceTree = "<group>"; };
		CEE693C22908824B00AA8B08 /* NetworkError.swift */ = {isa = PBXFileReference; lastKnownFileType = sourcecode.swift; path = NetworkError.swift; sourceTree = "<group>"; };
		CEE693C4290882AD00AA8B08 /* NetworkRouter.swift */ = {isa = PBXFileReference; lastKnownFileType = sourcecode.swift; path = NetworkRouter.swift; sourceTree = "<group>"; };
		CEE693C6290885F100AA8B08 /* Router.swift */ = {isa = PBXFileReference; lastKnownFileType = sourcecode.swift; path = Router.swift; sourceTree = "<group>"; };
/* End PBXFileReference section */

/* Begin PBXFrameworksBuildPhase section */
		CEBBAC052907199100B3247E /* Frameworks */ = {
			isa = PBXFrameworksBuildPhase;
			buildActionMask = 2147483647;
			files = (
			);
			runOnlyForDeploymentPostprocessing = 0;
		};
/* End PBXFrameworksBuildPhase section */

/* Begin PBXGroup section */
		CEB5A68D29130EA500950F2E /* Endpoint */ = {
			isa = PBXGroup;
			children = (
				CEB5A68E291311DF00950F2E /* CodeforcesEndpoint.swift */,
			);
			path = Endpoint;
			sourceTree = "<group>";
		};
		CEB5A690291317A100950F2E /* Model */ = {
			isa = PBXGroup;
			children = (
				CEB5A6912913195900950F2E /* Response.swift */,
			);
			path = Model;
			sourceTree = "<group>";
		};
		CEBBABFF2907199100B3247E = {
			isa = PBXGroup;
			children = (
				CEBBAC0A2907199100B3247E /* cf-reminder */,
				CEBBAC092907199100B3247E /* Products */,
			);
			sourceTree = "<group>";
		};
		CEBBAC092907199100B3247E /* Products */ = {
			isa = PBXGroup;
			children = (
				CEBBAC082907199100B3247E /* cf-reminder.app */,
			);
			name = Products;
			sourceTree = "<group>";
		};
		CEBBAC0A2907199100B3247E /* cf-reminder */ = {
			isa = PBXGroup;
			children = (
				CEB5A690291317A100950F2E /* Model */,
				CEBBAC2D29072DC600B3247E /* Networking */,
				CEBBAC20290719A500B3247E /* ViewControllers */,
				CEBBAC1F2907199700B3247E /* App */,
				CEBBAC142907199100B3247E /* Assets.xcassets */,
				CEBBAC162907199100B3247E /* LaunchScreen.storyboard */,
				CEBBAC192907199100B3247E /* Info.plist */,
			);
			path = "cf-reminder";
			sourceTree = "<group>";
		};
		CEBBAC1F2907199700B3247E /* App */ = {
			isa = PBXGroup;
			children = (
				CEBBAC0B2907199100B3247E /* AppDelegate.swift */,
				CEBBAC0D2907199100B3247E /* SceneDelegate.swift */,
			);
			path = App;
			sourceTree = "<group>";
		};
		CEBBAC20290719A500B3247E /* ViewControllers */ = {
			isa = PBXGroup;
			children = (
				CEBBAC0F2907199100B3247E /* ContestViewController.swift */,
			);
			path = ViewControllers;
			sourceTree = "<group>";
		};
		CEBBAC2D29072DC600B3247E /* Networking */ = {
			isa = PBXGroup;
			children = (
				CEB5A68D29130EA500950F2E /* Endpoint */,
				CEE693C129087F6C00AA8B08 /* Encoding */,
				CEBBAC2E29072DC600B3247E /* Manager */,
				CEBBAC3029072DC600B3247E /* Service */,
			);
			path = Networking;
			sourceTree = "<group>";
		};
		CEBBAC2E29072DC600B3247E /* Manager */ = {
			isa = PBXGroup;
			children = (
				CEBBAC2F29072DC600B3247E /* EndpointType.swift */,
				CEB5A69329131CBB00950F2E /* NetworkManager.swift */,
			);
			path = Manager;
			sourceTree = "<group>";
		};
		CEBBAC3029072DC600B3247E /* Service */ = {
			isa = PBXGroup;
			children = (
				CEBBAC3129072DC600B3247E /* HTTPMethod.swift */,
				CEBBAC3429072DD500B3247E /* HTTPTask.swift */,
				CEE693C4290882AD00AA8B08 /* NetworkRouter.swift */,
				CEE693C6290885F100AA8B08 /* Router.swift */,
			);
			path = Service;
			sourceTree = "<group>";
		};
		CEE693C129087F6C00AA8B08 /* Encoding */ = {
			isa = PBXGroup;
			children = (
				CEE693C22908824B00AA8B08 /* NetworkError.swift */,
			);
			path = Encoding;
			sourceTree = "<group>";
		};
/* End PBXGroup section */

/* Begin PBXNativeTarget section */
		CEBBAC072907199100B3247E /* cf-reminder */ = {
			isa = PBXNativeTarget;
			buildConfigurationList = CEBBAC1C2907199100B3247E /* Build configuration list for PBXNativeTarget "cf-reminder" */;
			buildPhases = (
				CEBBAC042907199100B3247E /* Sources */,
				CEBBAC052907199100B3247E /* Frameworks */,
				CEBBAC062907199100B3247E /* Resources */,
			);
			buildRules = (
			);
			dependencies = (
			);
			name = "cf-reminder";
			productName = "cf-reminder";
			productReference = CEBBAC082907199100B3247E /* cf-reminder.app */;
			productType = "com.apple.product-type.application";
		};
/* End PBXNativeTarget section */

/* Begin PBXProject section */
		CEBBAC002907199100B3247E /* Project object */ = {
			isa = PBXProject;
			attributes = {
				BuildIndependentTargetsInParallel = 1;
				LastSwiftUpdateCheck = 1400;
				LastUpgradeCheck = 1400;
				TargetAttributes = {
					CEBBAC072907199100B3247E = {
						CreatedOnToolsVersion = 14.0.1;
					};
				};
			};
			buildConfigurationList = CEBBAC032907199100B3247E /* Build configuration list for PBXProject "cf-reminder" */;
			compatibilityVersion = "Xcode 14.0";
			developmentRegion = en;
			hasScannedForEncodings = 0;
			knownRegions = (
				en,
				Base,
			);
			mainGroup = CEBBABFF2907199100B3247E;
			productRefGroup = CEBBAC092907199100B3247E /* Products */;
			projectDirPath = "";
			projectRoot = "";
			targets = (
				CEBBAC072907199100B3247E /* cf-reminder */,
			);
		};
/* End PBXProject section */

/* Begin PBXResourcesBuildPhase section */
		CEBBAC062907199100B3247E /* Resources */ = {
			isa = PBXResourcesBuildPhase;
			buildActionMask = 2147483647;
			files = (
				CEBBAC182907199100B3247E /* LaunchScreen.storyboard in Resources */,
				CEBBAC152907199100B3247E /* Assets.xcassets in Resources */,
			);
			runOnlyForDeploymentPostprocessing = 0;
		};
/* End PBXResourcesBuildPhase section */

/* Begin PBXSourcesBuildPhase section */
		CEBBAC042907199100B3247E /* Sources */ = {
			isa = PBXSourcesBuildPhase;
			buildActionMask = 2147483647;
			files = (
				CEB5A69429131CBB00950F2E /* NetworkManager.swift in Sources */,
				CEBBAC3529072DD500B3247E /* HTTPTask.swift in Sources */,
				CEB5A68F291311DF00950F2E /* CodeforcesEndpoint.swift in Sources */,
				CEE693C5290882AD00AA8B08 /* NetworkRouter.swift in Sources */,
				CEE693C32908824B00AA8B08 /* NetworkError.swift in Sources */,
				CEBBAC3229072DC600B3247E /* EndpointType.swift in Sources */,
				CEE693C7290885F100AA8B08 /* Router.swift in Sources */,
				CEBBAC102907199100B3247E /* ContestViewController.swift in Sources */,
				CEBBAC0C2907199100B3247E /* AppDelegate.swift in Sources */,
				CEB5A6922913195900950F2E /* Response.swift in Sources */,
				CEBBAC3329072DC600B3247E /* HTTPMethod.swift in Sources */,
				CEBBAC0E2907199100B3247E /* SceneDelegate.swift in Sources */,
			);
			runOnlyForDeploymentPostprocessing = 0;
		};
/* End PBXSourcesBuildPhase section */

/* Begin PBXVariantGroup section */
		CEBBAC162907199100B3247E /* LaunchScreen.storyboard */ = {
			isa = PBXVariantGroup;
			children = (
				CEBBAC172907199100B3247E /* Base */,
			);
			name = LaunchScreen.storyboard;
			sourceTree = "<group>";
		};
/* End PBXVariantGroup section */

/* Begin XCBuildConfiguration section */
		CEBBAC1A2907199100B3247E /* Debug */ = {
			isa = XCBuildConfiguration;
			buildSettings = {
				ALWAYS_SEARCH_USER_PATHS = NO;
				CLANG_ANALYZER_NONNULL = YES;
				CLANG_ANALYZER_NUMBER_OBJECT_CONVERSION = YES_AGGRESSIVE;
				CLANG_CXX_LANGUAGE_STANDARD = "gnu++20";
				CLANG_ENABLE_MODULES = YES;
				CLANG_ENABLE_OBJC_ARC = YES;
				CLANG_ENABLE_OBJC_WEAK = YES;
				CLANG_WARN_BLOCK_CAPTURE_AUTORELEASING = YES;
				CLANG_WARN_BOOL_CONVERSION = YES;
				CLANG_WARN_COMMA = YES;
				CLANG_WARN_CONSTANT_CONVERSION = YES;
				CLANG_WARN_DEPRECATED_OBJC_IMPLEMENTATIONS = YES;
				CLANG_WARN_DIRECT_OBJC_ISA_USAGE = YES_ERROR;
				CLANG_WARN_DOCUMENTATION_COMMENTS = YES;
				CLANG_WARN_EMPTY_BODY = YES;
				CLANG_WARN_ENUM_CONVERSION = YES;
				CLANG_WARN_INFINITE_RECURSION = YES;
				CLANG_WARN_INT_CONVERSION = YES;
				CLANG_WARN_NON_LITERAL_NULL_CONVERSION = YES;
				CLANG_WARN_OBJC_IMPLICIT_RETAIN_SELF = YES;
				CLANG_WARN_OBJC_LITERAL_CONVERSION = YES;
				CLANG_WARN_OBJC_ROOT_CLASS = YES_ERROR;
				CLANG_WARN_QUOTED_INCLUDE_IN_FRAMEWORK_HEADER = YES;
				CLANG_WARN_RANGE_LOOP_ANALYSIS = YES;
				CLANG_WARN_STRICT_PROTOTYPES = YES;
				CLANG_WARN_SUSPICIOUS_MOVE = YES;
				CLANG_WARN_UNGUARDED_AVAILABILITY = YES_AGGRESSIVE;
				CLANG_WARN_UNREACHABLE_CODE = YES;
				CLANG_WARN__DUPLICATE_METHOD_MATCH = YES;
				COPY_PHASE_STRIP = NO;
				DEBUG_INFORMATION_FORMAT = dwarf;
				ENABLE_STRICT_OBJC_MSGSEND = YES;
				ENABLE_TESTABILITY = YES;
				GCC_C_LANGUAGE_STANDARD = gnu11;
				GCC_DYNAMIC_NO_PIC = NO;
				GCC_NO_COMMON_BLOCKS = YES;
				GCC_OPTIMIZATION_LEVEL = 0;
				GCC_PREPROCESSOR_DEFINITIONS = (
					"DEBUG=1",
					"$(inherited)",
				);
				GCC_WARN_64_TO_32_BIT_CONVERSION = YES;
				GCC_WARN_ABOUT_RETURN_TYPE = YES_ERROR;
				GCC_WARN_UNDECLARED_SELECTOR = YES;
				GCC_WARN_UNINITIALIZED_AUTOS = YES_AGGRESSIVE;
				GCC_WARN_UNUSED_FUNCTION = YES;
				GCC_WARN_UNUSED_VARIABLE = YES;
				IPHONEOS_DEPLOYMENT_TARGET = 16.0;
				MTL_ENABLE_DEBUG_INFO = INCLUDE_SOURCE;
				MTL_FAST_MATH = YES;
				ONLY_ACTIVE_ARCH = YES;
				SDKROOT = iphoneos;
				SWIFT_ACTIVE_COMPILATION_CONDITIONS = DEBUG;
				SWIFT_OPTIMIZATION_LEVEL = "-Onone";
			};
			name = Debug;
		};
		CEBBAC1B2907199100B3247E /* Release */ = {
			isa = XCBuildConfiguration;
			buildSettings = {
				ALWAYS_SEARCH_USER_PATHS = NO;
				CLANG_ANALYZER_NONNULL = YES;
				CLANG_ANALYZER_NUMBER_OBJECT_CONVERSION = YES_AGGRESSIVE;
				CLANG_CXX_LANGUAGE_STANDARD = "gnu++20";
				CLANG_ENABLE_MODULES = YES;
				CLANG_ENABLE_OBJC_ARC = YES;
				CLANG_ENABLE_OBJC_WEAK = YES;
				CLANG_WARN_BLOCK_CAPTURE_AUTORELEASING = YES;
				CLANG_WARN_BOOL_CONVERSION = YES;
				CLANG_WARN_COMMA = YES;
				CLANG_WARN_CONSTANT_CONVERSION = YES;
				CLANG_WARN_DEPRECATED_OBJC_IMPLEMENTATIONS = YES;
				CLANG_WARN_DIRECT_OBJC_ISA_USAGE = YES_ERROR;
				CLANG_WARN_DOCUMENTATION_COMMENTS = YES;
				CLANG_WARN_EMPTY_BODY = YES;
				CLANG_WARN_ENUM_CONVERSION = YES;
				CLANG_WARN_INFINITE_RECURSION = YES;
				CLANG_WARN_INT_CONVERSION = YES;
				CLANG_WARN_NON_LITERAL_NULL_CONVERSION = YES;
				CLANG_WARN_OBJC_IMPLICIT_RETAIN_SELF = YES;
				CLANG_WARN_OBJC_LITERAL_CONVERSION = YES;
				CLANG_WARN_OBJC_ROOT_CLASS = YES_ERROR;
				CLANG_WARN_QUOTED_INCLUDE_IN_FRAMEWORK_HEADER = YES;
				CLANG_WARN_RANGE_LOOP_ANALYSIS = YES;
				CLANG_WARN_STRICT_PROTOTYPES = YES;
				CLANG_WARN_SUSPICIOUS_MOVE = YES;
				CLANG_WARN_UNGUARDED_AVAILABILITY = YES_AGGRESSIVE;
				CLANG_WARN_UNREACHABLE_CODE = YES;
				CLANG_WARN__DUPLICATE_METHOD_MATCH = YES;
				COPY_PHASE_STRIP = NO;
				DEBUG_INFORMATION_FORMAT = "dwarf-with-dsym";
				ENABLE_NS_ASSERTIONS = NO;
				ENABLE_STRICT_OBJC_MSGSEND = YES;
				GCC_C_LANGUAGE_STANDARD = gnu11;
				GCC_NO_COMMON_BLOCKS = YES;
				GCC_WARN_64_TO_32_BIT_CONVERSION = YES;
				GCC_WARN_ABOUT_RETURN_TYPE = YES_ERROR;
				GCC_WARN_UNDECLARED_SELECTOR = YES;
				GCC_WARN_UNINITIALIZED_AUTOS = YES_AGGRESSIVE;
				GCC_WARN_UNUSED_FUNCTION = YES;
				GCC_WARN_UNUSED_VARIABLE = YES;
				IPHONEOS_DEPLOYMENT_TARGET = 16.0;
				MTL_ENABLE_DEBUG_INFO = NO;
				MTL_FAST_MATH = YES;
				SDKROOT = iphoneos;
				SWIFT_COMPILATION_MODE = wholemodule;
				SWIFT_OPTIMIZATION_LEVEL = "-O";
				VALIDATE_PRODUCT = YES;
			};
			name = Release;
		};
		CEBBAC1D2907199100B3247E /* Debug */ = {
			isa = XCBuildConfiguration;
			buildSettings = {
				ASSETCATALOG_COMPILER_APPICON_NAME = AppIcon;
				ASSETCATALOG_COMPILER_GLOBAL_ACCENT_COLOR_NAME = AccentColor;
				CODE_SIGN_STYLE = Automatic;
				CURRENT_PROJECT_VERSION = 1;
				DEVELOPMENT_TEAM = 2R782SXW3H;
				GENERATE_INFOPLIST_FILE = YES;
				INFOPLIST_FILE = "cf-reminder/Info.plist";
				INFOPLIST_KEY_UIApplicationSupportsIndirectInputEvents = YES;
				INFOPLIST_KEY_UILaunchStoryboardName = LaunchScreen;
				INFOPLIST_KEY_UIMainStoryboardFile = Main;
				INFOPLIST_KEY_UISupportedInterfaceOrientations_iPad = "UIInterfaceOrientationPortrait UIInterfaceOrientationPortraitUpsideDown UIInterfaceOrientationLandscapeLeft UIInterfaceOrientationLandscapeRight";
				INFOPLIST_KEY_UISupportedInterfaceOrientations_iPhone = "UIInterfaceOrientationPortrait UIInterfaceOrientationLandscapeLeft UIInterfaceOrientationLandscapeRight";
				LD_RUNPATH_SEARCH_PATHS = (
					"$(inherited)",
					"@executable_path/Frameworks",
				);
				MARKETING_VERSION = 1.0;
				PRODUCT_BUNDLE_IDENTIFIER = "erkhaan.cf-reminder";
				PRODUCT_NAME = "$(TARGET_NAME)";
				SWIFT_EMIT_LOC_STRINGS = YES;
				SWIFT_VERSION = 5.0;
				TARGETED_DEVICE_FAMILY = "1,2";
			};
			name = Debug;
		};
		CEBBAC1E2907199100B3247E /* Release */ = {
			isa = XCBuildConfiguration;
			buildSettings = {
				ASSETCATALOG_COMPILER_APPICON_NAME = AppIcon;
				ASSETCATALOG_COMPILER_GLOBAL_ACCENT_COLOR_NAME = AccentColor;
				CODE_SIGN_STYLE = Automatic;
				CURRENT_PROJECT_VERSION = 1;
				DEVELOPMENT_TEAM = 2R782SXW3H;
				GENERATE_INFOPLIST_FILE = YES;
				INFOPLIST_FILE = "cf-reminder/Info.plist";
				INFOPLIST_KEY_UIApplicationSupportsIndirectInputEvents = YES;
				INFOPLIST_KEY_UILaunchStoryboardName = LaunchScreen;
				INFOPLIST_KEY_UIMainStoryboardFile = Main;
				INFOPLIST_KEY_UISupportedInterfaceOrientations_iPad = "UIInterfaceOrientationPortrait UIInterfaceOrientationPortraitUpsideDown UIInterfaceOrientationLandscapeLeft UIInterfaceOrientationLandscapeRight";
				INFOPLIST_KEY_UISupportedInterfaceOrientations_iPhone = "UIInterfaceOrientationPortrait UIInterfaceOrientationLandscapeLeft UIInterfaceOrientationLandscapeRight";
				LD_RUNPATH_SEARCH_PATHS = (
					"$(inherited)",
					"@executable_path/Frameworks",
				);
				MARKETING_VERSION = 1.0;
				PRODUCT_BUNDLE_IDENTIFIER = "erkhaan.cf-reminder";
				PRODUCT_NAME = "$(TARGET_NAME)";
				SWIFT_EMIT_LOC_STRINGS = YES;
				SWIFT_VERSION = 5.0;
				TARGETED_DEVICE_FAMILY = "1,2";
			};
			name = Release;
		};
/* End XCBuildConfiguration section */

/* Begin XCConfigurationList section */
		CEBBAC032907199100B3247E /* Build configuration list for PBXProject "cf-reminder" */ = {
			isa = XCConfigurationList;
			buildConfigurations = (
				CEBBAC1A2907199100B3247E /* Debug */,
				CEBBAC1B2907199100B3247E /* Release */,
			);
			defaultConfigurationIsVisible = 0;
			defaultConfigurationName = Release;
		};
		CEBBAC1C2907199100B3247E /* Build configuration list for PBXNativeTarget "cf-reminder" */ = {
			isa = XCConfigurationList;
			buildConfigurations = (
				CEBBAC1D2907199100B3247E /* Debug */,
				CEBBAC1E2907199100B3247E /* Release */,
			);
			defaultConfigurationIsVisible = 0;
			defaultConfigurationName = Release;
		};
/* End XCConfigurationList section */
	};
	rootObject = CEBBAC002907199100B3247E /* Project object */;
}
